
Microsoft Visual Studio Solution File, Format Version 12.00
# Visual Studio Version 17
VisualStudioVersion = 17.8.34330.188
MinimumVisualStudioVersion = 10.0.40219.1
Project("{9A19103F-16F7-4668-BE54-9A1E7A4F7556}") = "AdventOfCode.Desktop", "..\AdventOfCode.Desktop\AdventOfCode.Desktop.csproj", "{1BFE91E3-AA10-44D1-8320-F58BBA08F01F}"
EndProject
Project("{FAE04EC0-301F-11D3-BF4B-00C04F79EFBC}") = "AdventOfCodeCore", "..\AdventOfCodeCore\AdventOfCodeCore.csproj", "{19E0C139-7B82-48FC-8EFF-3F8C1189D975}"
EndProject
Project("{FAE04EC0-301F-11D3-BF4B-00C04F79EFBC}") = "AdventOfCodeUI", "AdventOfCodeUI.csproj", "{BDDA9449-33F2-4129-9F9C-13AFC0B8B190}"
EndProject
Global
	GlobalSection(SolutionConfigurationPlatforms) = preSolution
		Debug|Any CPU = Debug|Any CPU
		Release|Any CPU = Release|Any CPU
	EndGlobalSection
	GlobalSection(ProjectConfigurationPlatforms) = postSolution
		{1BFE91E3-AA10-44D1-8320-F58BBA08F01F}.Debug|Any CPU.ActiveCfg = Debug|Any CPU
		{1BFE91E3-AA10-44D1-8320-F58BBA08F01F}.Debug|Any CPU.Build.0 = Debug|Any CPU
		{1BFE91E3-AA10-44D1-8320-F58BBA08F01F}.Release|Any CPU.ActiveCfg = Release|Any CPU
		{1BFE91E3-AA10-44D1-8320-F58BBA08F01F}.Release|Any CPU.Build.0 = Release|Any CPU
		{19E0C139-7B82-48FC-8EFF-3F8C1189D975}.Debug|Any CPU.ActiveCfg = Debug|Any CPU
		{19E0C139-7B82-48FC-8EFF-3F8C1189D975}.Debug|Any CPU.Build.0 = Debug|Any CPU
		{19E0C139-7B82-48FC-8EFF-3F8C1189D975}.Release|Any CPU.ActiveCfg = Release|Any CPU
		{19E0C139-7B82-48FC-8EFF-3F8C1189D975}.Release|Any CPU.Build.0 = Release|Any CPU
		{BDDA9449-33F2-4129-9F9C-13AFC0B8B190}.Debug|Any CPU.ActiveCfg = Debug|Any CPU
		{BDDA9449-33F2-4129-9F9C-13AFC0B8B190}.Debug|Any CPU.Build.0 = Debug|Any CPU
		{BDDA9449-33F2-4129-9F9C-13AFC0B8B190}.Release|Any CPU.ActiveCfg = Release|Any CPU
		{BDDA9449-33F2-4129-9F9C-13AFC0B8B190}.Release|Any CPU.Build.0 = Release|Any CPU
	EndGlobalSection
	GlobalSection(SolutionProperties) = preSolution
		HideSolutionNode = FALSE
	EndGlobalSection
	GlobalSection(ExtensibilityGlobals) = postSolution
		SolutionGuid = {D74D77F4-B339-4881-AC9C-8844418D8631}
	EndGlobalSection
EndGlobal
